{
  "name": "@intility/helm-version",
  "version": "1.2.1",
  "lockfileVersion": 2,
  "requires": true,
  "packages": {
    "": {
      "name": "@intility/helm-version",
      "version": "1.2.1",
      "license": "MIT",
      "dependencies": {
        "semver": "^7.3.8",
        "yaml": "^2.0.0-6"
      },
      "bin": {
        "helm-version": "index.js"
      }
    },
    "node_modules/lru-cache": {
      "version": "6.0.0",
      "resolved": "https://artifactory.int.intility.no:443/artifactory/api/npm/npm/lru-cache/-/lru-cache-6.0.0.tgz",
      "integrity": "sha1-bW/mVw69lqr5D8rR2vo7JWbbOpQ=",
      "dependencies": {
        "yallist": "^4.0.0"
      },
      "engines": {
        "node": ">=10"
      }
    },
    "node_modules/semver": {
      "version": "7.3.8",
      "resolved": "https://registry.npmjs.org/semver/-/semver-7.3.8.tgz",
      "integrity": "sha512-NB1ctGL5rlHrPJtFDVIVzTyQylMLu9N9VICA6HSFJo8MCGVTMW6gfpicwKmmK/dAjTOrqu5l63JJOpDSrAis3A==",
      "dependencies": {
        "lru-cache": "^6.0.0"
      },
      "bin": {
        "semver": "bin/semver.js"
      },
      "engines": {
        "node": ">=10"
      }
    },
    "node_modules/yallist": {
      "version": "4.0.0",
      "resolved": "https://artifactory.int.intility.no:443/artifactory/api/npm/npm/yallist/-/yallist-4.0.0.tgz",
      "integrity": "sha1-m7knkNnA7/7GO+c1GeEaNQGaOnI="
    },
    "node_modules/yaml": {
      "version": "2.0.0-6",
      "resolved": "https://artifactory.int.intility.no:443/artifactory/api/npm/npm/yaml/-/yaml-2.0.0-6.tgz",
      "integrity": "sha1-PYWNZWue8TqVx30IO4Fuao0WyqA=",
      "engines": {
        "node": ">= 12"
      }
    }
  },
  "dependencies": {
    "lru-cache": {
      "version": "6.0.0",
      "resolved": "https://artifactory.int.intility.no:443/artifactory/api/npm/npm/lru-cache/-/lru-cache-6.0.0.tgz",
      "integrity": "sha1-bW/mVw69lqr5D8rR2vo7JWbbOpQ=",
      "requires": {
        "yallist": "^4.0.0"
      }
    },
    "semver": {
      "version": "7.3.8",
      "resolved": "https://registry.npmjs.org/semver/-/semver-7.3.8.tgz",
      "integrity": "sha512-NB1ctGL5rlHrPJtFDVIVzTyQylMLu9N9VICA6HSFJo8MCGVTMW6gfpicwKmmK/dAjTOrqu5l63JJOpDSrAis3A==",
      "requires": {
        "lru-cache": "^6.0.0"
      }
    },
    "yallist": {
      "version": "4.0.0",
      "resolved": "https://artifactory.int.intility.no:443/artifactory/api/npm/npm/yallist/-/yallist-4.0.0.tgz",
      "integrity": "sha1-m7knkNnA7/7GO+c1GeEaNQGaOnI="
    },
    "yaml": {
      "version": "2.0.0-6",
      "resolved": "https://artifactory.int.intility.no:443/artifactory/api/npm/npm/yaml/-/yaml-2.0.0-6.tgz",
      "integrity": "sha1-PYWNZWue8TqVx30IO4Fuao0WyqA="
    }
  }
}
