{
  "name": "fixture",
  "version": "0.6.0",
  "lockfileVersion": 2,
  "requires": true,
  "packages": {
    "": {
      "name": "fixture",
      "version": "0.6.0",
      "dependencies": {
        "helm-version": "file:../"
      }
    },
    "..": {
      "name": "@intility/helm-version",
      "version": "1.2.1",
      "license": "MIT",
      "dependencies": {
        "read-pkg-up": "^8.0.0",
        "semver": "^7.3.8",
        "yaml": "^2.0.0-6"
      },
      "bin": {
        "helm-version": "index.js"
      }
    },
    "node_modules/helm-version": {
      "resolved": "..",
      "link": true
    }
  },
  "dependencies": {
    "helm-version": {
      "version": "file:..",
      "requires": {
        "read-pkg-up": "^8.0.0",
        "semver": "^7.3.8",
        "yaml": "^2.0.0-6"
      }
    }
  }
}
